{
  "name": "npm-3_lec-3",
  "version": "1.0.0",
  "lockfileVersion": 2,
  "requires": true,
  "packages": {
    "": {
      "name": "npm-3_lec-3",
      "version": "1.0.0",
      "license": "ISC",
      "dependencies": {
        "@darshan_kale/creating": "^0.0.2"
      }
    },
    "node_modules/@darshan_kale/creating": {
      "version": "0.0.2",
      "resolved": "https://registry.npmjs.org/@darshan_kale/creating/-/creating-0.0.2.tgz",
      "integrity": "sha512-ZPMNTfX/KYov09KcTzHOZOlP1a4+HbrximKEK5fkqUagcM6/JObL8gJULs0IVW1k5k2inPiFFMqtzx4w6xM3iw=="
    }
  },
  "dependencies": {
    "@darshan_kale/creating": {
      "version": "0.0.2",
      "resolved": "https://registry.npmjs.org/@darshan_kale/creating/-/creating-0.0.2.tgz",
      "integrity": "sha512-ZPMNTfX/KYov09KcTzHOZOlP1a4+HbrximKEK5fkqUagcM6/JObL8gJULs0IVW1k5k2inPiFFMqtzx4w6xM3iw=="
    }
  }
}
